
Microsoft Visual Studio Solution File, Format Version 12.00
# Visual Studio 14
VisualStudioVersion = 14.0.23107.0
MinimumVisualStudioVersion = 10.0.40219.1
Project("{FAE04EC0-301F-11D3-BF4B-00C04F79EFBC}") = "HW_Collections", "HW_Collections\HW_Collections.csproj", "{E40BF8BD-2428-4334-8A46-FF0955D885FC}"
EndProject
Global
	GlobalSection(SolutionConfigurationPlatforms) = preSolution
		Debug|Any CPU = Debug|Any CPU
		Release|Any CPU = Release|Any CPU
	EndGlobalSection
	GlobalSection(ProjectConfigurationPlatforms) = postSolution
		{E40BF8BD-2428-4334-8A46-FF0955D885FC}.Debug|Any CPU.ActiveCfg = Debug|Any CPU
		{E40BF8BD-2428-4334-8A46-FF0955D885FC}.Debug|Any CPU.Build.0 = Debug|Any CPU
		{E40BF8BD-2428-4334-8A46-FF0955D885FC}.Release|Any CPU.ActiveCfg = Release|Any CPU
		{E40BF8BD-2428-4334-8A46-FF0955D885FC}.Release|Any CPU.Build.0 = Release|Any CPU
	EndGlobalSection
	GlobalSection(SolutionProperties) = preSolution
		HideSolutionNode = FALSE
	EndGlobalSection
EndGlobal
